// !$*UTF8*$!
{
	archiveVersion = 1;
	classes = {
	};
	objectVersion = 46;
	objects = {

/* Begin PBXBuildFile section */
		FCB9EA821C8FD4BF0093F4ED /* AppDelegate.swift in Sources */ = {isa = PBXBuildFile; fileRef = FCB9EA811C8FD4BF0093F4ED /* AppDelegate.swift */; };
		FCB9EA841C8FD4BF0093F4ED /* ViewController.swift in Sources */ = {isa = PBXBuildFile; fileRef = FCB9EA831C8FD4BF0093F4ED /* ViewController.swift */; };
		FCB9EA871C8FD4BF0093F4ED /* Main.storyboard in Resources */ = {isa = PBXBuildFile; fileRef = FCB9EA851C8FD4BF0093F4ED /* Main.storyboard */; };
		FCB9EA891C8FD4BF0093F4ED /* Assets.xcassets in Resources */ = {isa = PBXBuildFile; fileRef = FCB9EA881C8FD4BF0093F4ED /* Assets.xcassets */; };
		FCB9EA8C1C8FD4BF0093F4ED /* LaunchScreen.storyboard in Resources */ = {isa = PBXBuildFile; fileRef = FCB9EA8A1C8FD4BF0093F4ED /* LaunchScreen.storyboard */; };
		FCB9EA971C8FD4BF0093F4ED /* mdbSocialsAppTests.swift in Sources */ = {isa = PBXBuildFile; fileRef = FCB9EA961C8FD4BF0093F4ED /* mdbSocialsAppTests.swift */; };
		FCB9EAA21C8FD4BF0093F4ED /* mdbSocialsAppUITests.swift in Sources */ = {isa = PBXBuildFile; fileRef = FCB9EAA11C8FD4BF0093F4ED /* mdbSocialsAppUITests.swift */; };
		FCB9EAB01C8FD9950093F4ED /* AudioToolbox.framework in Frameworks */ = {isa = PBXBuildFile; fileRef = FCB9EAAF1C8FD9950093F4ED /* AudioToolbox.framework */; };
		FCB9EAB21C8FD99D0093F4ED /* CFNetwork.framework in Frameworks */ = {isa = PBXBuildFile; fileRef = FCB9EAB11C8FD99D0093F4ED /* CFNetwork.framework */; };
		FCB9EAB41C8FD9A50093F4ED /* CoreGraphics.framework in Frameworks */ = {isa = PBXBuildFile; fileRef = FCB9EAB31C8FD9A50093F4ED /* CoreGraphics.framework */; };
		FCB9EAB61C8FD9AD0093F4ED /* CoreLocation.framework in Frameworks */ = {isa = PBXBuildFile; fileRef = FCB9EAB51C8FD9AD0093F4ED /* CoreLocation.framework */; };
		FCB9EAB81C8FD9B40093F4ED /* QuartzCore.framework in Frameworks */ = {isa = PBXBuildFile; fileRef = FCB9EAB71C8FD9B40093F4ED /* QuartzCore.framework */; };
		FCB9EABA1C8FD9BD0093F4ED /* Security.framework in Frameworks */ = {isa = PBXBuildFile; fileRef = FCB9EAB91C8FD9BD0093F4ED /* Security.framework */; };
		FCB9EABC1C8FD9C40093F4ED /* StoreKit.framework in Frameworks */ = {isa = PBXBuildFile; fileRef = FCB9EABB1C8FD9C40093F4ED /* StoreKit.framework */; };
		FCB9EABE1C8FD9CD0093F4ED /* SystemConfiguration.framework in Frameworks */ = {isa = PBXBuildFile; fileRef = FCB9EABD1C8FD9CD0093F4ED /* SystemConfiguration.framework */; };
		FCB9EAC01C8FD9DC0093F4ED /* libz.tbd in Frameworks */ = {isa = PBXBuildFile; fileRef = FCB9EABF1C8FD9DC0093F4ED /* libz.tbd */; };
		FCB9EAC21C8FD9E70093F4ED /* libsqlite3.tbd in Frameworks */ = {isa = PBXBuildFile; fileRef = FCB9EAC11C8FD9E70093F4ED /* libsqlite3.tbd */; };
		FCB9EAD11C8FDC540093F4ED /* Bolts.framework in Frameworks */ = {isa = PBXBuildFile; fileRef = FCB9EACB1C8FDC540093F4ED /* Bolts.framework */; };
		FCB9EAD21C8FDC540093F4ED /* Parse.framework in Frameworks */ = {isa = PBXBuildFile; fileRef = FCB9EACC1C8FDC540093F4ED /* Parse.framework */; };
		FCB9EAD31C8FDC540093F4ED /* ParseFacebookUtils.framework in Frameworks */ = {isa = PBXBuildFile; fileRef = FCB9EACD1C8FDC540093F4ED /* ParseFacebookUtils.framework */; };
		FCB9EAD41C8FDC540093F4ED /* ParseFacebookUtilsV4.framework in Frameworks */ = {isa = PBXBuildFile; fileRef = FCB9EACE1C8FDC540093F4ED /* ParseFacebookUtilsV4.framework */; };
		FCB9EAD51C8FDC540093F4ED /* ParseTwitterUtils.framework in Frameworks */ = {isa = PBXBuildFile; fileRef = FCB9EACF1C8FDC540093F4ED /* ParseTwitterUtils.framework */; };
		FCB9EAD61C8FDC540093F4ED /* ParseUI.framework in Frameworks */ = {isa = PBXBuildFile; fileRef = FCB9EAD01C8FDC540093F4ED /* ParseUI.framework */; };
		FCB9EAD81C8FE24B0093F4ED /* LoginViewController.swift in Sources */ = {isa = PBXBuildFile; fileRef = FCB9EAD71C8FE24B0093F4ED /* LoginViewController.swift */; };
/* End PBXBuildFile section */

/* Begin PBXContainerItemProxy section */
		FCB9EA931C8FD4BF0093F4ED /* PBXContainerItemProxy */ = {
			isa = PBXContainerItemProxy;
			containerPortal = FCB9EA761C8FD4BF0093F4ED /* Project object */;
			proxyType = 1;
			remoteGlobalIDString = FCB9EA7D1C8FD4BF0093F4ED;
			remoteInfo = mdbSocialsApp;
		};
		FCB9EA9E1C8FD4BF0093F4ED /* PBXContainerItemProxy */ = {
			isa = PBXContainerItemProxy;
			containerPortal = FCB9EA761C8FD4BF0093F4ED /* Project object */;
			proxyType = 1;
			remoteGlobalIDString = FCB9EA7D1C8FD4BF0093F4ED;
			remoteInfo = mdbSocialsApp;
		};
/* End PBXContainerItemProxy section */

/* Begin PBXFileReference section */
		FCB9EA7E1C8FD4BF0093F4ED /* mdbSocialsApp.app */ = {isa = PBXFileReference; explicitFileType = wrapper.application; includeInIndex = 0; path = mdbSocialsApp.app; sourceTree = BUILT_PRODUCTS_DIR; };
		FCB9EA811C8FD4BF0093F4ED /* AppDelegate.swift */ = {isa = PBXFileReference; lastKnownFileType = sourcecode.swift; path = AppDelegate.swift; sourceTree = "<group>"; };
		FCB9EA831C8FD4BF0093F4ED /* ViewController.swift */ = {isa = PBXFileReference; lastKnownFileType = sourcecode.swift; path = ViewController.swift; sourceTree = "<group>"; };
		FCB9EA861C8FD4BF0093F4ED /* Base */ = {isa = PBXFileReference; lastKnownFileType = file.storyboard; name = Base; path = Base.lproj/Main.storyboard; sourceTree = "<group>"; };
		FCB9EA881C8FD4BF0093F4ED /* Assets.xcassets */ = {isa = PBXFileReference; lastKnownFileType = folder.assetcatalog; path = Assets.xcassets; sourceTree = "<group>"; };
		FCB9EA8B1C8FD4BF0093F4ED /* Base */ = {isa = PBXFileReference; lastKnownFileType = file.storyboard; name = Base; path = Base.lproj/LaunchScreen.storyboard; sourceTree = "<group>"; };
		FCB9EA8D1C8FD4BF0093F4ED /* Info.plist */ = {isa = PBXFileReference; lastKnownFileType = text.plist.xml; path = Info.plist; sourceTree = "<group>"; };
		FCB9EA921C8FD4BF0093F4ED /* mdbSocialsAppTests.xctest */ = {isa = PBXFileReference; explicitFileType = wrapper.cfbundle; includeInIndex = 0; path = mdbSocialsAppTests.xctest; sourceTree = BUILT_PRODUCTS_DIR; };
		FCB9EA961C8FD4BF0093F4ED /* mdbSocialsAppTests.swift */ = {isa = PBXFileReference; lastKnownFileType = sourcecode.swift; path = mdbSocialsAppTests.swift; sourceTree = "<group>"; };
		FCB9EA981C8FD4BF0093F4ED /* Info.plist */ = {isa = PBXFileReference; lastKnownFileType = text.plist.xml; path = Info.plist; sourceTree = "<group>"; };
		FCB9EA9D1C8FD4BF0093F4ED /* mdbSocialsAppUITests.xctest */ = {isa = PBXFileReference; explicitFileType = wrapper.cfbundle; includeInIndex = 0; path = mdbSocialsAppUITests.xctest; sourceTree = BUILT_PRODUCTS_DIR; };
		FCB9EAA11C8FD4BF0093F4ED /* mdbSocialsAppUITests.swift */ = {isa = PBXFileReference; lastKnownFileType = sourcecode.swift; path = mdbSocialsAppUITests.swift; sourceTree = "<group>"; };
		FCB9EAA31C8FD4BF0093F4ED /* Info.plist */ = {isa = PBXFileReference; lastKnownFileType = text.plist.xml; path = Info.plist; sourceTree = "<group>"; };
		FCB9EAAF1C8FD9950093F4ED /* AudioToolbox.framework */ = {isa = PBXFileReference; lastKnownFileType = wrapper.framework; name = AudioToolbox.framework; path = System/Library/Frameworks/AudioToolbox.framework; sourceTree = SDKROOT; };
		FCB9EAB11C8FD99D0093F4ED /* CFNetwork.framework */ = {isa = PBXFileReference; lastKnownFileType = wrapper.framework; name = CFNetwork.framework; path = System/Library/Frameworks/CFNetwork.framework; sourceTree = SDKROOT; };
		FCB9EAB31C8FD9A50093F4ED /* CoreGraphics.framework */ = {isa = PBXFileReference; lastKnownFileType = wrapper.framework; name = CoreGraphics.framework; path = System/Library/Frameworks/CoreGraphics.framework; sourceTree = SDKROOT; };
		FCB9EAB51C8FD9AD0093F4ED /* CoreLocation.framework */ = {isa = PBXFileReference; lastKnownFileType = wrapper.framework; name = CoreLocation.framework; path = System/Library/Frameworks/CoreLocation.framework; sourceTree = SDKROOT; };
		FCB9EAB71C8FD9B40093F4ED /* QuartzCore.framework */ = {isa = PBXFileReference; lastKnownFileType = wrapper.framework; name = QuartzCore.framework; path = System/Library/Frameworks/QuartzCore.framework; sourceTree = SDKROOT; };
		FCB9EAB91C8FD9BD0093F4ED /* Security.framework */ = {isa = PBXFileReference; lastKnownFileType = wrapper.framework; name = Security.framework; path = System/Library/Frameworks/Security.framework; sourceTree = SDKROOT; };
		FCB9EABB1C8FD9C40093F4ED /* StoreKit.framework */ = {isa = PBXFileReference; lastKnownFileType = wrapper.framework; name = StoreKit.framework; path = System/Library/Frameworks/StoreKit.framework; sourceTree = SDKROOT; };
		FCB9EABD1C8FD9CD0093F4ED /* SystemConfiguration.framework */ = {isa = PBXFileReference; lastKnownFileType = wrapper.framework; name = SystemConfiguration.framework; path = System/Library/Frameworks/SystemConfiguration.framework; sourceTree = SDKROOT; };
		FCB9EABF1C8FD9DC0093F4ED /* libz.tbd */ = {isa = PBXFileReference; lastKnownFileType = "sourcecode.text-based-dylib-definition"; name = libz.tbd; path = usr/lib/libz.tbd; sourceTree = SDKROOT; };
		FCB9EAC11C8FD9E70093F4ED /* libsqlite3.tbd */ = {isa = PBXFileReference; lastKnownFileType = "sourcecode.text-based-dylib-definition"; name = libsqlite3.tbd; path = usr/lib/libsqlite3.tbd; sourceTree = SDKROOT; };
		FCB9EAC81C8FDBE70093F4ED /* mdbSocialsApp-Bridging-Header.h */ = {isa = PBXFileReference; lastKnownFileType = sourcecode.c.h; path = "mdbSocialsApp-Bridging-Header.h"; sourceTree = "<group>"; };
		FCB9EACB1C8FDC540093F4ED /* Bolts.framework */ = {isa = PBXFileReference; lastKnownFileType = wrapper.framework; path = Bolts.framework; sourceTree = "<group>"; };
		FCB9EACC1C8FDC540093F4ED /* Parse.framework */ = {isa = PBXFileReference; lastKnownFileType = wrapper.framework; path = Parse.framework; sourceTree = "<group>"; };
		FCB9EACD1C8FDC540093F4ED /* ParseFacebookUtils.framework */ = {isa = PBXFileReference; lastKnownFileType = wrapper.framework; path = ParseFacebookUtils.framework; sourceTree = "<group>"; };
		FCB9EACE1C8FDC540093F4ED /* ParseFacebookUtilsV4.framework */ = {isa = PBXFileReference; lastKnownFileType = wrapper.framework; path = ParseFacebookUtilsV4.framework; sourceTree = "<group>"; };
		FCB9EACF1C8FDC540093F4ED /* ParseTwitterUtils.framework */ = {isa = PBXFileReference; lastKnownFileType = wrapper.framework; path = ParseTwitterUtils.framework; sourceTree = "<group>"; };
		FCB9EAD01C8FDC540093F4ED /* ParseUI.framework */ = {isa = PBXFileReference; lastKnownFileType = wrapper.framework; path = ParseUI.framework; sourceTree = "<group>"; };
		FCB9EAD71C8FE24B0093F4ED /* LoginViewController.swift */ = {isa = PBXFileReference; fileEncoding = 4; lastKnownFileType = sourcecode.swift; path = LoginViewController.swift; sourceTree = "<group>"; };
/* End PBXFileReference section */

/* Begin PBXFrameworksBuildPhase section */
		FCB9EA7B1C8FD4BF0093F4ED /* Frameworks */ = {
			isa = PBXFrameworksBuildPhase;
			buildActionMask = 2147483647;
			files = (
				FCB9EAC21C8FD9E70093F4ED /* libsqlite3.tbd in Frameworks */,
				FCB9EAC01C8FD9DC0093F4ED /* libz.tbd in Frameworks */,
				FCB9EAD41C8FDC540093F4ED /* ParseFacebookUtilsV4.framework in Frameworks */,
				FCB9EABE1C8FD9CD0093F4ED /* SystemConfiguration.framework in Frameworks */,
				FCB9EAD51C8FDC540093F4ED /* ParseTwitterUtils.framework in Frameworks */,
				FCB9EABC1C8FD9C40093F4ED /* StoreKit.framework in Frameworks */,
				FCB9EAD61C8FDC540093F4ED /* ParseUI.framework in Frameworks */,
				FCB9EABA1C8FD9BD0093F4ED /* Security.framework in Frameworks */,
				FCB9EAB81C8FD9B40093F4ED /* QuartzCore.framework in Frameworks */,
				FCB9EAB61C8FD9AD0093F4ED /* CoreLocation.framework in Frameworks */,
				FCB9EAB41C8FD9A50093F4ED /* CoreGraphics.framework in Frameworks */,
				FCB9EAD11C8FDC540093F4ED /* Bolts.framework in Frameworks */,
				FCB9EAB21C8FD99D0093F4ED /* CFNetwork.framework in Frameworks */,
				FCB9EAD21C8FDC540093F4ED /* Parse.framework in Frameworks */,
				FCB9EAB01C8FD9950093F4ED /* AudioToolbox.framework in Frameworks */,
				FCB9EAD31C8FDC540093F4ED /* ParseFacebookUtils.framework in Frameworks */,
			);
			runOnlyForDeploymentPostprocessing = 0;
		};
		FCB9EA8F1C8FD4BF0093F4ED /* Frameworks */ = {
			isa = PBXFrameworksBuildPhase;
			buildActionMask = 2147483647;
			files = (
			);
			runOnlyForDeploymentPostprocessing = 0;
		};
		FCB9EA9A1C8FD4BF0093F4ED /* Frameworks */ = {
			isa = PBXFrameworksBuildPhase;
			buildActionMask = 2147483647;
			files = (
			);
			runOnlyForDeploymentPostprocessing = 0;
		};
/* End PBXFrameworksBuildPhase section */

/* Begin PBXGroup section */
		FCB9EA751C8FD4BF0093F4ED = {
			isa = PBXGroup;
			children = (
				FCB9EAC11C8FD9E70093F4ED /* libsqlite3.tbd */,
				FCB9EABF1C8FD9DC0093F4ED /* libz.tbd */,
				FCB9EABD1C8FD9CD0093F4ED /* SystemConfiguration.framework */,
				FCB9EABB1C8FD9C40093F4ED /* StoreKit.framework */,
				FCB9EAB91C8FD9BD0093F4ED /* Security.framework */,
				FCB9EAB71C8FD9B40093F4ED /* QuartzCore.framework */,
				FCB9EAB51C8FD9AD0093F4ED /* CoreLocation.framework */,
				FCB9EAB31C8FD9A50093F4ED /* CoreGraphics.framework */,
				FCB9EAB11C8FD99D0093F4ED /* CFNetwork.framework */,
				FCB9EAAF1C8FD9950093F4ED /* AudioToolbox.framework */,
				FCB9EA801C8FD4BF0093F4ED /* mdbSocialsApp */,
				FCB9EA951C8FD4BF0093F4ED /* mdbSocialsAppTests */,
				FCB9EAA01C8FD4BF0093F4ED /* mdbSocialsAppUITests */,
				FCB9EA7F1C8FD4BF0093F4ED /* Products */,
			);
			sourceTree = "<group>";
		};
		FCB9EA7F1C8FD4BF0093F4ED /* Products */ = {
			isa = PBXGroup;
			children = (
				FCB9EA7E1C8FD4BF0093F4ED /* mdbSocialsApp.app */,
				FCB9EA921C8FD4BF0093F4ED /* mdbSocialsAppTests.xctest */,
				FCB9EA9D1C8FD4BF0093F4ED /* mdbSocialsAppUITests.xctest */,
			);
			name = Products;
			sourceTree = "<group>";
		};
		FCB9EA801C8FD4BF0093F4ED /* mdbSocialsApp */ = {
			isa = PBXGroup;
			children = (
				FCB9EAC71C8FDB590093F4ED /* Frameworks */,
				FCB9EA811C8FD4BF0093F4ED /* AppDelegate.swift */,
				FCB9EA831C8FD4BF0093F4ED /* ViewController.swift */,
				FCB9EA851C8FD4BF0093F4ED /* Main.storyboard */,
				FCB9EA881C8FD4BF0093F4ED /* Assets.xcassets */,
				FCB9EAD71C8FE24B0093F4ED /* LoginViewController.swift */,
				FCB9EA8A1C8FD4BF0093F4ED /* LaunchScreen.storyboard */,
				FCB9EA8D1C8FD4BF0093F4ED /* Info.plist */,
				FCB9EAC81C8FDBE70093F4ED /* mdbSocialsApp-Bridging-Header.h */,
			);
			path = mdbSocialsApp;
			sourceTree = "<group>";
		};
		FCB9EA951C8FD4BF0093F4ED /* mdbSocialsAppTests */ = {
			isa = PBXGroup;
			children = (
				FCB9EA961C8FD4BF0093F4ED /* mdbSocialsAppTests.swift */,
				FCB9EA981C8FD4BF0093F4ED /* Info.plist */,
			);
			path = mdbSocialsAppTests;
			sourceTree = "<group>";
		};
		FCB9EAA01C8FD4BF0093F4ED /* mdbSocialsAppUITests */ = {
			isa = PBXGroup;
			children = (
				FCB9EAA11C8FD4BF0093F4ED /* mdbSocialsAppUITests.swift */,
				FCB9EAA31C8FD4BF0093F4ED /* Info.plist */,
			);
			path = mdbSocialsAppUITests;
			sourceTree = "<group>";
		};
		FCB9EAC71C8FDB590093F4ED /* Frameworks */ = {
			isa = PBXGroup;
			children = (
				FCB9EACB1C8FDC540093F4ED /* Bolts.framework */,
				FCB9EACC1C8FDC540093F4ED /* Parse.framework */,
				FCB9EACD1C8FDC540093F4ED /* ParseFacebookUtils.framework */,
				FCB9EACE1C8FDC540093F4ED /* ParseFacebookUtilsV4.framework */,
				FCB9EACF1C8FDC540093F4ED /* ParseTwitterUtils.framework */,
				FCB9EAD01C8FDC540093F4ED /* ParseUI.framework */,
			);
			name = Frameworks;
			sourceTree = "<group>";
		};
/* End PBXGroup section */

/* Begin PBXNativeTarget section */
		FCB9EA7D1C8FD4BF0093F4ED /* mdbSocialsApp */ = {
			isa = PBXNativeTarget;
			buildConfigurationList = FCB9EAA61C8FD4BF0093F4ED /* Build configuration list for PBXNativeTarget "mdbSocialsApp" */;
			buildPhases = (
				FCB9EA7A1C8FD4BF0093F4ED /* Sources */,
				FCB9EA7B1C8FD4BF0093F4ED /* Frameworks */,
				FCB9EA7C1C8FD4BF0093F4ED /* Resources */,
			);
			buildRules = (
			);
			dependencies = (
			);
			name = mdbSocialsApp;
			productName = mdbSocialsApp;
			productReference = FCB9EA7E1C8FD4BF0093F4ED /* mdbSocialsApp.app */;
			productType = "com.apple.product-type.application";
		};
		FCB9EA911C8FD4BF0093F4ED /* mdbSocialsAppTests */ = {
			isa = PBXNativeTarget;
			buildConfigurationList = FCB9EAA91C8FD4BF0093F4ED /* Build configuration list for PBXNativeTarget "mdbSocialsAppTests" */;
			buildPhases = (
				FCB9EA8E1C8FD4BF0093F4ED /* Sources */,
				FCB9EA8F1C8FD4BF0093F4ED /* Frameworks */,
				FCB9EA901C8FD4BF0093F4ED /* Resources */,
			);
			buildRules = (
			);
			dependencies = (
				FCB9EA941C8FD4BF0093F4ED /* PBXTargetDependency */,
			);
			name = mdbSocialsAppTests;
			productName = mdbSocialsAppTests;
			productReference = FCB9EA921C8FD4BF0093F4ED /* mdbSocialsAppTests.xctest */;
			productType = "com.apple.product-type.bundle.unit-test";
		};
		FCB9EA9C1C8FD4BF0093F4ED /* mdbSocialsAppUITests */ = {
			isa = PBXNativeTarget;
			buildConfigurationList = FCB9EAAC1C8FD4BF0093F4ED /* Build configuration list for PBXNativeTarget "mdbSocialsAppUITests" */;
			buildPhases = (
				FCB9EA991C8FD4BF0093F4ED /* Sources */,
				FCB9EA9A1C8FD4BF0093F4ED /* Frameworks */,
				FCB9EA9B1C8FD4BF0093F4ED /* Resources */,
			);
			buildRules = (
			);
			dependencies = (
				FCB9EA9F1C8FD4BF0093F4ED /* PBXTargetDependency */,
			);
			name = mdbSocialsAppUITests;
			productName = mdbSocialsAppUITests;
			productReference = FCB9EA9D1C8FD4BF0093F4ED /* mdbSocialsAppUITests.xctest */;
			productType = "com.apple.product-type.bundle.ui-testing";
		};
/* End PBXNativeTarget section */

/* Begin PBXProject section */
		FCB9EA761C8FD4BF0093F4ED /* Project object */ = {
			isa = PBXProject;
			attributes = {
				LastSwiftUpdateCheck = 0720;
				LastUpgradeCheck = 0720;
				ORGANIZATIONNAME = "Shaan Appel";
				TargetAttributes = {
					FCB9EA7D1C8FD4BF0093F4ED = {
						CreatedOnToolsVersion = 7.2.1;
						DevelopmentTeam = KV9N5HK3BV;
					};
					FCB9EA911C8FD4BF0093F4ED = {
						CreatedOnToolsVersion = 7.2.1;
						DevelopmentTeam = KV9N5HK3BV;
						TestTargetID = FCB9EA7D1C8FD4BF0093F4ED;
					};
					FCB9EA9C1C8FD4BF0093F4ED = {
						CreatedOnToolsVersion = 7.2.1;
						DevelopmentTeam = KV9N5HK3BV;
						TestTargetID = FCB9EA7D1C8FD4BF0093F4ED;
					};
				};
			};
			buildConfigurationList = FCB9EA791C8FD4BF0093F4ED /* Build configuration list for PBXProject "mdbSocialsApp" */;
			compatibilityVersion = "Xcode 3.2";
			developmentRegion = English;
			hasScannedForEncodings = 0;
			knownRegions = (
				en,
				Base,
			);
			mainGroup = FCB9EA751C8FD4BF0093F4ED;
			productRefGroup = FCB9EA7F1C8FD4BF0093F4ED /* Products */;
			projectDirPath = "";
			projectRoot = "";
			targets = (
				FCB9EA7D1C8FD4BF0093F4ED /* mdbSocialsApp */,
				FCB9EA911C8FD4BF0093F4ED /* mdbSocialsAppTests */,
				FCB9EA9C1C8FD4BF0093F4ED /* mdbSocialsAppUITests */,
			);
		};
/* End PBXProject section */

/* Begin PBXResourcesBuildPhase section */
		FCB9EA7C1C8FD4BF0093F4ED /* Resources */ = {
			isa = PBXResourcesBuildPhase;
			buildActionMask = 2147483647;
			files = (
				FCB9EA8C1C8FD4BF0093F4ED /* LaunchScreen.storyboard in Resources */,
				FCB9EA891C8FD4BF0093F4ED /* Assets.xcassets in Resources */,
				FCB9EA871C8FD4BF0093F4ED /* Main.storyboard in Resources */,
			);
			runOnlyForDeploymentPostprocessing = 0;
		};
		FCB9EA901C8FD4BF0093F4ED /* Resources */ = {
			isa = PBXResourcesBuildPhase;
			buildActionMask = 2147483647;
			files = (
			);
			runOnlyForDeploymentPostprocessing = 0;
		};
		FCB9EA9B1C8FD4BF0093F4ED /* Resources */ = {
			isa = PBXResourcesBuildPhase;
			buildActionMask = 2147483647;
			files = (
			);
			runOnlyForDeploymentPostprocessing = 0;
		};
/* End PBXResourcesBuildPhase section */

/* Begin PBXSourcesBuildPhase section */
		FCB9EA7A1C8FD4BF0093F4ED /* Sources */ = {
			isa = PBXSourcesBuildPhase;
			buildActionMask = 2147483647;
			files = (
				FCB9EAD81C8FE24B0093F4ED /* LoginViewController.swift in Sources */,
				FCB9EA841C8FD4BF0093F4ED /* ViewController.swift in Sources */,
				FCB9EA821C8FD4BF0093F4ED /* AppDelegate.swift in Sources */,
			);
			runOnlyForDeploymentPostprocessing = 0;
		};
		FCB9EA8E1C8FD4BF0093F4ED /* Sources */ = {
			isa = PBXSourcesBuildPhase;
			buildActionMask = 2147483647;
			files = (
				FCB9EA971C8FD4BF0093F4ED /* mdbSocialsAppTests.swift in Sources */,
			);
			runOnlyForDeploymentPostprocessing = 0;
		};
		FCB9EA991C8FD4BF0093F4ED /* Sources */ = {
			isa = PBXSourcesBuildPhase;
			buildActionMask = 2147483647;
			files = (
				FCB9EAA21C8FD4BF0093F4ED /* mdbSocialsAppUITests.swift in Sources */,
			);
			runOnlyForDeploymentPostprocessing = 0;
		};
/* End PBXSourcesBuildPhase section */

/* Begin PBXTargetDependency section */
		FCB9EA941C8FD4BF0093F4ED /* PBXTargetDependency */ = {
			isa = PBXTargetDependency;
			target = FCB9EA7D1C8FD4BF0093F4ED /* mdbSocialsApp */;
			targetProxy = FCB9EA931C8FD4BF0093F4ED /* PBXContainerItemProxy */;
		};
		FCB9EA9F1C8FD4BF0093F4ED /* PBXTargetDependency */ = {
			isa = PBXTargetDependency;
			target = FCB9EA7D1C8FD4BF0093F4ED /* mdbSocialsApp */;
			targetProxy = FCB9EA9E1C8FD4BF0093F4ED /* PBXContainerItemProxy */;
		};
/* End PBXTargetDependency section */

/* Begin PBXVariantGroup section */
		FCB9EA851C8FD4BF0093F4ED /* Main.storyboard */ = {
			isa = PBXVariantGroup;
			children = (
				FCB9EA861C8FD4BF0093F4ED /* Base */,
			);
			name = Main.storyboard;
			sourceTree = "<group>";
		};
		FCB9EA8A1C8FD4BF0093F4ED /* LaunchScreen.storyboard */ = {
			isa = PBXVariantGroup;
			children = (
				FCB9EA8B1C8FD4BF0093F4ED /* Base */,
			);
			name = LaunchScreen.storyboard;
			sourceTree = "<group>";
		};
/* End PBXVariantGroup section */

/* Begin XCBuildConfiguration section */
		FCB9EAA41C8FD4BF0093F4ED /* Debug */ = {
			isa = XCBuildConfiguration;
			buildSettings = {
				ALWAYS_SEARCH_USER_PATHS = NO;
				CLANG_CXX_LANGUAGE_STANDARD = "gnu++0x";
				CLANG_CXX_LIBRARY = "libc++";
				CLANG_ENABLE_MODULES = YES;
				CLANG_ENABLE_OBJC_ARC = YES;
				CLANG_WARN_BOOL_CONVERSION = YES;
				CLANG_WARN_CONSTANT_CONVERSION = YES;
				CLANG_WARN_DIRECT_OBJC_ISA_USAGE = YES_ERROR;
				CLANG_WARN_EMPTY_BODY = YES;
				CLANG_WARN_ENUM_CONVERSION = YES;
				CLANG_WARN_INT_CONVERSION = YES;
				CLANG_WARN_OBJC_ROOT_CLASS = YES_ERROR;
				CLANG_WARN_UNREACHABLE_CODE = YES;
				CLANG_WARN__DUPLICATE_METHOD_MATCH = YES;
				"CODE_SIGN_IDENTITY[sdk=iphoneos*]" = "iPhone Developer";
				COPY_PHASE_STRIP = NO;
				DEBUG_INFORMATION_FORMAT = dwarf;
				ENABLE_STRICT_OBJC_MSGSEND = YES;
				ENABLE_TESTABILITY = YES;
				GCC_C_LANGUAGE_STANDARD = gnu99;
				GCC_DYNAMIC_NO_PIC = NO;
				GCC_NO_COMMON_BLOCKS = YES;
				GCC_OPTIMIZATION_LEVEL = 0;
				GCC_PREPROCESSOR_DEFINITIONS = (
					"DEBUG=1",
					"$(inherited)",
				);
				GCC_WARN_64_TO_32_BIT_CONVERSION = YES;
				GCC_WARN_ABOUT_RETURN_TYPE = YES_ERROR;
				GCC_WARN_UNDECLARED_SELECTOR = YES;
				GCC_WARN_UNINITIALIZED_AUTOS = YES_AGGRESSIVE;
				GCC_WARN_UNUSED_FUNCTION = YES;
				GCC_WARN_UNUSED_VARIABLE = YES;
				IPHONEOS_DEPLOYMENT_TARGET = 9.2;
				MTL_ENABLE_DEBUG_INFO = YES;
				ONLY_ACTIVE_ARCH = YES;
				SDKROOT = iphoneos;
				SWIFT_OPTIMIZATION_LEVEL = "-Onone";
			};
			name = Debug;
		};
		FCB9EAA51C8FD4BF0093F4ED /* Release */ = {
			isa = XCBuildConfiguration;
			buildSettings = {
				ALWAYS_SEARCH_USER_PATHS = NO;
				CLANG_CXX_LANGUAGE_STANDARD = "gnu++0x";
				CLANG_CXX_LIBRARY = "libc++";
				CLANG_ENABLE_MODULES = YES;
				CLANG_ENABLE_OBJC_ARC = YES;
				CLANG_WARN_BOOL_CONVERSION = YES;
				CLANG_WARN_CONSTANT_CONVERSION = YES;
				CLANG_WARN_DIRECT_OBJC_ISA_USAGE = YES_ERROR;
				CLANG_WARN_EMPTY_BODY = YES;
				CLANG_WARN_ENUM_CONVERSION = YES;
				CLANG_WARN_INT_CONVERSION = YES;
				CLANG_WARN_OBJC_ROOT_CLASS = YES_ERROR;
				CLANG_WARN_UNREACHABLE_CODE = YES;
				CLANG_WARN__DUPLICATE_METHOD_MATCH = YES;
				"CODE_SIGN_IDENTITY[sdk=iphoneos*]" = "iPhone Developer";
				COPY_PHASE_STRIP = NO;
				DEBUG_INFORMATION_FORMAT = "dwarf-with-dsym";
				ENABLE_NS_ASSERTIONS = NO;
				ENABLE_STRICT_OBJC_MSGSEND = YES;
				GCC_C_LANGUAGE_STANDARD = gnu99;
				GCC_NO_COMMON_BLOCKS = YES;
				GCC_WARN_64_TO_32_BIT_CONVERSION = YES;
				GCC_WARN_ABOUT_RETURN_TYPE = YES_ERROR;
				GCC_WARN_UNDECLARED_SELECTOR = YES;
				GCC_WARN_UNINITIALIZED_AUTOS = YES_AGGRESSIVE;
				GCC_WARN_UNUSED_FUNCTION = YES;
				GCC_WARN_UNUSED_VARIABLE = YES;
				IPHONEOS_DEPLOYMENT_TARGET = 9.2;
				MTL_ENABLE_DEBUG_INFO = NO;
				SDKROOT = iphoneos;
				VALIDATE_PRODUCT = YES;
			};
			name = Release;
		};
		FCB9EAA71C8FD4BF0093F4ED /* Debug */ = {
			isa = XCBuildConfiguration;
			buildSettings = {
				ASSETCATALOG_COMPILER_APPICON_NAME = AppIcon;
				CLANG_ENABLE_MODULES = YES;
				FRAMEWORK_SEARCH_PATHS = (
					"$(inherited)",
					"$(PROJECT_DIR)/mdbSocialsApp",
				);
				INFOPLIST_FILE = mdbSocialsApp/Info.plist;
				LD_RUNPATH_SEARCH_PATHS = "$(inherited) @executable_path/Frameworks";
				PRODUCT_BUNDLE_IDENTIFIER = com.shaan.mdbSocialsApp;
				PRODUCT_NAME = "$(TARGET_NAME)";
				SWIFT_OBJC_BRIDGING_HEADER = "mdbSocialsApp/mdbSocialsApp-Bridging-Header.h";
				SWIFT_OPTIMIZATION_LEVEL = "-Onone";
			};
			name = Debug;
		};
		FCB9EAA81C8FD4BF0093F4ED /* Release */ = {
			isa = XCBuildConfiguration;
			buildSettings = {
				ASSETCATALOG_COMPILER_APPICON_NAME = AppIcon;
				CLANG_ENABLE_MODULES = YES;
				FRAMEWORK_SEARCH_PATHS = (
					"$(inherited)",
					"$(PROJECT_DIR)/mdbSocialsApp",
				);
				INFOPLIST_FILE = mdbSocialsApp/Info.plist;
				LD_RUNPATH_SEARCH_PATHS = "$(inherited) @executable_path/Frameworks";
				PRODUCT_BUNDLE_IDENTIFIER = com.shaan.mdbSocialsApp;
				PRODUCT_NAME = "$(TARGET_NAME)";
				SWIFT_OBJC_BRIDGING_HEADER = "mdbSocialsApp/mdbSocialsApp-Bridging-Header.h";
			};
			name = Release;
		};
		FCB9EAAA1C8FD4BF0093F4ED /* Debug */ = {
			isa = XCBuildConfiguration;
			buildSettings = {
				BUNDLE_LOADER = "$(TEST_HOST)";
				INFOPLIST_FILE = mdbSocialsAppTests/Info.plist;
				LD_RUNPATH_SEARCH_PATHS = "$(inherited) @executable_path/Frameworks @loader_path/Frameworks";
				PRODUCT_BUNDLE_IDENTIFIER = com.shaan.mdbSocialsAppTests;
				PRODUCT_NAME = "$(TARGET_NAME)";
				TEST_HOST = "$(BUILT_PRODUCTS_DIR)/mdbSocialsApp.app/mdbSocialsApp";
			};
			name = Debug;
		};
		FCB9EAAB1C8FD4BF0093F4ED /* Release */ = {
			isa = XCBuildConfiguration;
			buildSettings = {
				BUNDLE_LOADER = "$(TEST_HOST)";
				INFOPLIST_FILE = mdbSocialsAppTests/Info.plist;
				LD_RUNPATH_SEARCH_PATHS = "$(inherited) @executable_path/Frameworks @loader_path/Frameworks";
				PRODUCT_BUNDLE_IDENTIFIER = com.shaan.mdbSocialsAppTests;
				PRODUCT_NAME = "$(TARGET_NAME)";
				TEST_HOST = "$(BUILT_PRODUCTS_DIR)/mdbSocialsApp.app/mdbSocialsApp";
			};
			name = Release;
		};
		FCB9EAAD1C8FD4BF0093F4ED /* Debug */ = {
			isa = XCBuildConfiguration;
			buildSettings = {
				INFOPLIST_FILE = mdbSocialsAppUITests/Info.plist;
				LD_RUNPATH_SEARCH_PATHS = "$(inherited) @executable_path/Frameworks @loader_path/Frameworks";
				PRODUCT_BUNDLE_IDENTIFIER = com.shaan.mdbSocialsAppUITests;
				PRODUCT_NAME = "$(TARGET_NAME)";
				TEST_TARGET_NAME = mdbSocialsApp;
				USES_XCTRUNNER = YES;
			};
			name = Debug;
		};
		FCB9EAAE1C8FD4BF0093F4ED /* Release */ = {
			isa = XCBuildConfiguration;
			buildSettings = {
				INFOPLIST_FILE = mdbSocialsAppUITests/Info.plist;
				LD_RUNPATH_SEARCH_PATHS = "$(inherited) @executable_path/Frameworks @loader_path/Frameworks";
				PRODUCT_BUNDLE_IDENTIFIER = com.shaan.mdbSocialsAppUITests;
				PRODUCT_NAME = "$(TARGET_NAME)";
				TEST_TARGET_NAME = mdbSocialsApp;
				USES_XCTRUNNER = YES;
			};
			name = Release;
		};
/* End XCBuildConfiguration section */

/* Begin XCConfigurationList section */
		FCB9EA791C8FD4BF0093F4ED /* Build configuration list for PBXProject "mdbSocialsApp" */ = {
			isa = XCConfigurationList;
			buildConfigurations = (
				FCB9EAA41C8FD4BF0093F4ED /* Debug */,
				FCB9EAA51C8FD4BF0093F4ED /* Release */,
			);
			defaultConfigurationIsVisible = 0;
			defaultConfigurationName = Release;
		};
		FCB9EAA61C8FD4BF0093F4ED /* Build configuration list for PBXNativeTarget "mdbSocialsApp" */ = {
			isa = XCConfigurationList;
			buildConfigurations = (
				FCB9EAA71C8FD4BF0093F4ED /* Debug */,
				FCB9EAA81C8FD4BF0093F4ED /* Release */,
			);
			defaultConfigurationIsVisible = 0;
			defaultConfigurationName = Release;
		};
		FCB9EAA91C8FD4BF0093F4ED /* Build configuration list for PBXNativeTarget "mdbSocialsAppTests" */ = {
			isa = XCConfigurationList;
			buildConfigurations = (
				FCB9EAAA1C8FD4BF0093F4ED /* Debug */,
				FCB9EAAB1C8FD4BF0093F4ED /* Release */,
			);
			defaultConfigurationIsVisible = 0;
			defaultConfigurationName = Release;
		};
		FCB9EAAC1C8FD4BF0093F4ED /* Build configuration list for PBXNativeTarget "mdbSocialsAppUITests" */ = {
			isa = XCConfigurationList;
			buildConfigurations = (
				FCB9EAAD1C8FD4BF0093F4ED /* Debug */,
				FCB9EAAE1C8FD4BF0093F4ED /* Release */,
			);
			defaultConfigurationIsVisible = 0;
			defaultConfigurationName = Release;
		};
/* End XCConfigurationList section */
	};
	rootObject = FCB9EA761C8FD4BF0093F4ED /* Project object */;
}
